{
  "lib/@dyadex-finance/v3-core": {
    "tag": {
      "name": "v1.0.0",
      "rev": "e3589b192d0be27e100cd0daaf6c97204fdb1899"
    }
  },
  "lib/@dyadex-finance/v3-periphery": {
    "tag": {
      "name": "v1.3.0",
      "rev": "80f26c86c57b8a5e4b913f42844d4c8bd274d058"
    }
  },
  "lib/base64.git": {
    "tag": {
      "name": "v1.1.0",
      "rev": "dcbf852ba545b3d15de0ac0ef88dce934c090c8e"
    }
  },
  "lib/forge-std": {
    "tag": {
      "name": "v1.13.0",
      "rev": "c29afdd40a82db50a3d3709d324416be50050e5e"
    }
  },
  "lib/openzeppelin-contracts.git": {
    "tag": {
      "name": "v3.4.2-solc-0.7",
      "rev": "04695aecbd4d17dddfd55de766d10e3805d6f42f"
    }
  },
  "lib/uniswap-solidity-lib": {
    "rev": "19ca8f723bae29f861f8a3f7fae28a1d751b9eab"
  },
  "lib/v2-core.git": {
    "tag": {
      "name": "v1.0.1",
      "rev": "4dd59067c76dea4a0e8e4bfdda41877a6b16dedc"
    }
  }
}